
Microsoft Visual Studio Solution File, Format Version 12.00
# Visual Studio Version 17
VisualStudioVersion = 17.0.31919.166
MinimumVisualStudioVersion = 10.0.40219.1
Project("{FAE04EC0-301F-11D3-BF4B-00C04F79EFBC}") = "flepygames", "flepygames\flepygames.csproj", "{AD442688-DA4C-48C2-893B-F209C6E29ECB}"
EndProject
Global
	GlobalSection(SolutionConfigurationPlatforms) = preSolution
		Debug|Any CPU = Debug|Any CPU
		Release|Any CPU = Release|Any CPU
	EndGlobalSection
	GlobalSection(ProjectConfigurationPlatforms) = postSolution
		{AD442688-DA4C-48C2-893B-F209C6E29ECB}.Debug|Any CPU.ActiveCfg = Debug|Any CPU
		{AD442688-DA4C-48C2-893B-F209C6E29ECB}.Debug|Any CPU.Build.0 = Debug|Any CPU
		{AD442688-DA4C-48C2-893B-F209C6E29ECB}.Release|Any CPU.ActiveCfg = Release|Any CPU
		{AD442688-DA4C-48C2-893B-F209C6E29ECB}.Release|Any CPU.Build.0 = Release|Any CPU
	EndGlobalSection
	GlobalSection(SolutionProperties) = preSolution
		HideSolutionNode = FALSE
	EndGlobalSection
	GlobalSection(ExtensibilityGlobals) = postSolution
		SolutionGuid = {14507DEA-A7C2-46A7-AB61-05774B87BCF0}
	EndGlobalSection
EndGlobal
